PODS:
  - OsTools (1.0.2)
  - OsUIViews (0.4.7):
    - OsTools
    - youtube-ios-player-helper
  - youtube-ios-player-helper (0.1.6)

DEPENDENCIES:
  - OsTools (= 1.0.2)
  - OsUIViews (from `../`)
  - youtube-ios-player-helper (~> 0.1.4)

SPEC REPOS:
  trunk:
    - OsTools
    - youtube-ios-player-helper

EXTERNAL SOURCES:
  OsUIViews:
    :path: "../"

SPEC CHECKSUMS:
  OsTools: 197bf6bcfdc1f0c999c226feaa3efc7381b40728
  OsUIViews: 2843ce318badf63ac39a35aa2f1f31926daf0f5d
  youtube-ios-player-helper: 21ab92db027c7ff86cb17a3843a3f6eafc8158d2

PODFILE CHECKSUM: 2e25852753398f59c8d9cb2c06b7af77d17d8f69

COCOAPODS: 1.11.2
