PODS:
  - OsTools (1.0.8)
  - OsUIViews (0.7.3):
    - OsTools
    - youtube-ios-player-helper
  - youtube-ios-player-helper (0.1.6)

DEPENDENCIES:
  - OsTools
  - OsUIViews (from `../`)
  - youtube-ios-player-helper (~> 0.1.4)

SPEC REPOS:
  trunk:
    - OsTools
    - youtube-ios-player-helper

EXTERNAL SOURCES:
  OsUIViews:
    :path: "../"

SPEC CHECKSUMS:
  OsTools: 934c76a1b975699d5a3e6a275b3c1ea175094883
  OsUIViews: cb0309dbfec29bca73ac0257bd0ac3a7237ff050
  youtube-ios-player-helper: 21ab92db027c7ff86cb17a3843a3f6eafc8158d2

PODFILE CHECKSUM: 5744cf6160173cb531a88565b4c502f0123c9b3f

COCOAPODS: 1.11.3
